
Microsoft Visual Studio Solution File, Format Version 12.00
# Visual Studio Version 17
VisualStudioVersion = 17.0.31903.59
MinimumVisualStudioVersion = 10.0.40219.1
Project("{FAE04EC0-301F-11D3-BF4B-00C04F79EFBC}") = "MusicLibrary", "MusicLibrary\MusicLibrary.csproj", "{CFF69FE6-9912-41F5-A24D-812FD881F136}"
EndProject
Project("{FAE04EC0-301F-11D3-BF4B-00C04F79EFBC}") = "MusicLibrary.Tests", "MusicLibrary.Tests\MusicLibrary.Tests.csproj", "{873695C5-96C7-4BF9-81F6-ADCE67B67835}"
EndProject
Project("{FAE04EC0-301F-11D3-BF4B-00C04F79EFBC}") = "MusicBakh.Core", "MusicBakh.Core\MusicBakh.Core.csproj", "{92B692F8-3BF1-4547-B70B-C15F5E17D0BD}"
EndProject
Project("{FAE04EC0-301F-11D3-BF4B-00C04F79EFBC}") = "MusicBakh.Application", "MusicBakh.Application\MusicBakh.Application.csproj", "{FE43B413-72CC-4379-AEBE-38B05DE3F482}"
EndProject
Global
	GlobalSection(SolutionConfigurationPlatforms) = preSolution
		Debug|Any CPU = Debug|Any CPU
		Debug|x64 = Debug|x64
		Debug|x86 = Debug|x86
		Release|Any CPU = Release|Any CPU
		Release|x64 = Release|x64
		Release|x86 = Release|x86
	EndGlobalSection
	GlobalSection(ProjectConfigurationPlatforms) = postSolution
		{CFF69FE6-9912-41F5-A24D-812FD881F136}.Debug|Any CPU.ActiveCfg = Debug|Any CPU
		{CFF69FE6-9912-41F5-A24D-812FD881F136}.Debug|Any CPU.Build.0 = Debug|Any CPU
		{CFF69FE6-9912-41F5-A24D-812FD881F136}.Debug|x64.ActiveCfg = Debug|Any CPU
		{CFF69FE6-9912-41F5-A24D-812FD881F136}.Debug|x64.Build.0 = Debug|Any CPU
		{CFF69FE6-9912-41F5-A24D-812FD881F136}.Debug|x86.ActiveCfg = Debug|Any CPU
		{CFF69FE6-9912-41F5-A24D-812FD881F136}.Debug|x86.Build.0 = Debug|Any CPU
		{CFF69FE6-9912-41F5-A24D-812FD881F136}.Release|Any CPU.ActiveCfg = Release|Any CPU
		{CFF69FE6-9912-41F5-A24D-812FD881F136}.Release|Any CPU.Build.0 = Release|Any CPU
		{CFF69FE6-9912-41F5-A24D-812FD881F136}.Release|x64.ActiveCfg = Release|Any CPU
		{CFF69FE6-9912-41F5-A24D-812FD881F136}.Release|x64.Build.0 = Release|Any CPU
		{CFF69FE6-9912-41F5-A24D-812FD881F136}.Release|x86.ActiveCfg = Release|Any CPU
		{CFF69FE6-9912-41F5-A24D-812FD881F136}.Release|x86.Build.0 = Release|Any CPU
		{873695C5-96C7-4BF9-81F6-ADCE67B67835}.Debug|Any CPU.ActiveCfg = Debug|Any CPU
		{873695C5-96C7-4BF9-81F6-ADCE67B67835}.Debug|Any CPU.Build.0 = Debug|Any CPU
		{873695C5-96C7-4BF9-81F6-ADCE67B67835}.Debug|x64.ActiveCfg = Debug|Any CPU
		{873695C5-96C7-4BF9-81F6-ADCE67B67835}.Debug|x64.Build.0 = Debug|Any CPU
		{873695C5-96C7-4BF9-81F6-ADCE67B67835}.Debug|x86.ActiveCfg = Debug|Any CPU
		{873695C5-96C7-4BF9-81F6-ADCE67B67835}.Debug|x86.Build.0 = Debug|Any CPU
		{873695C5-96C7-4BF9-81F6-ADCE67B67835}.Release|Any CPU.ActiveCfg = Release|Any CPU
		{873695C5-96C7-4BF9-81F6-ADCE67B67835}.Release|Any CPU.Build.0 = Release|Any CPU
		{873695C5-96C7-4BF9-81F6-ADCE67B67835}.Release|x64.ActiveCfg = Release|Any CPU
		{873695C5-96C7-4BF9-81F6-ADCE67B67835}.Release|x64.Build.0 = Release|Any CPU
		{873695C5-96C7-4BF9-81F6-ADCE67B67835}.Release|x86.ActiveCfg = Release|Any CPU
		{873695C5-96C7-4BF9-81F6-ADCE67B67835}.Release|x86.Build.0 = Release|Any CPU
		{92B692F8-3BF1-4547-B70B-C15F5E17D0BD}.Debug|Any CPU.ActiveCfg = Debug|Any CPU
		{92B692F8-3BF1-4547-B70B-C15F5E17D0BD}.Debug|Any CPU.Build.0 = Debug|Any CPU
		{92B692F8-3BF1-4547-B70B-C15F5E17D0BD}.Debug|x64.ActiveCfg = Debug|Any CPU
		{92B692F8-3BF1-4547-B70B-C15F5E17D0BD}.Debug|x64.Build.0 = Debug|Any CPU
		{92B692F8-3BF1-4547-B70B-C15F5E17D0BD}.Debug|x86.ActiveCfg = Debug|Any CPU
		{92B692F8-3BF1-4547-B70B-C15F5E17D0BD}.Debug|x86.Build.0 = Debug|Any CPU
		{92B692F8-3BF1-4547-B70B-C15F5E17D0BD}.Release|Any CPU.ActiveCfg = Release|Any CPU
		{92B692F8-3BF1-4547-B70B-C15F5E17D0BD}.Release|Any CPU.Build.0 = Release|Any CPU
		{92B692F8-3BF1-4547-B70B-C15F5E17D0BD}.Release|x64.ActiveCfg = Release|Any CPU
		{92B692F8-3BF1-4547-B70B-C15F5E17D0BD}.Release|x64.Build.0 = Release|Any CPU
		{92B692F8-3BF1-4547-B70B-C15F5E17D0BD}.Release|x86.ActiveCfg = Release|Any CPU
		{92B692F8-3BF1-4547-B70B-C15F5E17D0BD}.Release|x86.Build.0 = Release|Any CPU
		{FE43B413-72CC-4379-AEBE-38B05DE3F482}.Debug|Any CPU.ActiveCfg = Debug|Any CPU
		{FE43B413-72CC-4379-AEBE-38B05DE3F482}.Debug|Any CPU.Build.0 = Debug|Any CPU
		{FE43B413-72CC-4379-AEBE-38B05DE3F482}.Debug|x64.ActiveCfg = Debug|Any CPU
		{FE43B413-72CC-4379-AEBE-38B05DE3F482}.Debug|x64.Build.0 = Debug|Any CPU
		{FE43B413-72CC-4379-AEBE-38B05DE3F482}.Debug|x86.ActiveCfg = Debug|Any CPU
		{FE43B413-72CC-4379-AEBE-38B05DE3F482}.Debug|x86.Build.0 = Debug|Any CPU
		{FE43B413-72CC-4379-AEBE-38B05DE3F482}.Release|Any CPU.ActiveCfg = Release|Any CPU
		{FE43B413-72CC-4379-AEBE-38B05DE3F482}.Release|Any CPU.Build.0 = Release|Any CPU
		{FE43B413-72CC-4379-AEBE-38B05DE3F482}.Release|x64.ActiveCfg = Release|Any CPU
		{FE43B413-72CC-4379-AEBE-38B05DE3F482}.Release|x64.Build.0 = Release|Any CPU
		{FE43B413-72CC-4379-AEBE-38B05DE3F482}.Release|x86.ActiveCfg = Release|Any CPU
		{FE43B413-72CC-4379-AEBE-38B05DE3F482}.Release|x86.Build.0 = Release|Any CPU
	EndGlobalSection
	GlobalSection(SolutionProperties) = preSolution
		HideSolutionNode = FALSE
	EndGlobalSection
EndGlobal
